
Microsoft Visual Studio Solution File, Format Version 12.00
Project("{FAE04EC0-301F-11D3-BF4B-00C04F79EFBC}") = "Mongodb-Boilerplate", "Mongodb-Boilerplate\Mongodb-Boilerplate.csproj", "{DCF692B4-C87E-4578-853F-E8DA320DE825}"
EndProject
Global
	GlobalSection(SolutionConfigurationPlatforms) = preSolution
		Debug|Any CPU = Debug|Any CPU
		Release|Any CPU = Release|Any CPU
	EndGlobalSection
	GlobalSection(ProjectConfigurationPlatforms) = postSolution
		{DCF692B4-C87E-4578-853F-E8DA320DE825}.Debug|Any CPU.ActiveCfg = Debug|Any CPU
		{DCF692B4-C87E-4578-853F-E8DA320DE825}.Debug|Any CPU.Build.0 = Debug|Any CPU
		{DCF692B4-C87E-4578-853F-E8DA320DE825}.Release|Any CPU.ActiveCfg = Release|Any CPU
		{DCF692B4-C87E-4578-853F-E8DA320DE825}.Release|Any CPU.Build.0 = Release|Any CPU
	EndGlobalSection
EndGlobal
